// !$*UTF8*$!
{
	archiveVersion = 1;
	classes = {
	};
	objectVersion = 77;
	objects = {

/* Begin PBXContainerItemProxy section */
		70DAA4DF2DA1B052008B3F25 /* PBXContainerItemProxy */ = {
			isa = PBXContainerItemProxy;
			containerPortal = 70DAA4C62DA1B050008B3F25 /* Project object */;
			proxyType = 1;
			remoteGlobalIDString = 70DAA4CD2DA1B050008B3F25;
			remoteInfo = FormulaRun;
		};
		70DAA4E92DA1B052008B3F25 /* PBXContainerItemProxy */ = {
			isa = PBXContainerItemProxy;
			containerPortal = 70DAA4C62DA1B050008B3F25 /* Project object */;
			proxyType = 1;
			remoteGlobalIDString = 70DAA4CD2DA1B050008B3F25;
			remoteInfo = FormulaRun;
		};
/* End PBXContainerItemProxy section */

/* Begin PBXFileReference section */
		70DAA4CE2DA1B050008B3F25 /* FormulaRun.app */ = {isa = PBXFileReference; explicitFileType = wrapper.application; includeInIndex = 0; path = FormulaRun.app; sourceTree = BUILT_PRODUCTS_DIR; };
		70DAA4DE2DA1B052008B3F25 /* FormulaRunTests.xctest */ = {isa = PBXFileReference; explicitFileType = wrapper.cfbundle; includeInIndex = 0; path = FormulaRunTests.xctest; sourceTree = BUILT_PRODUCTS_DIR; };
		70DAA4E82DA1B052008B3F25 /* FormulaRunUITests.xctest */ = {isa = PBXFileReference; explicitFileType = wrapper.cfbundle; includeInIndex = 0; path = FormulaRunUITests.xctest; sourceTree = BUILT_PRODUCTS_DIR; };
/* End PBXFileReference section */

/* Begin PBXFileSystemSynchronizedRootGroup section */
		70DAA4D02DA1B050008B3F25 /* FormulaRun */ = {
			isa = PBXFileSystemSynchronizedRootGroup;
			path = FormulaRun;
			sourceTree = "<group>";
		};
		70DAA4E12DA1B052008B3F25 /* FormulaRunTests */ = {
			isa = PBXFileSystemSynchronizedRootGroup;
			path = FormulaRunTests;
			sourceTree = "<group>";
		};
		70DAA4EB2DA1B052008B3F25 /* FormulaRunUITests */ = {
			isa = PBXFileSystemSynchronizedRootGroup;
			path = FormulaRunUITests;
			sourceTree = "<group>";
		};
/* End PBXFileSystemSynchronizedRootGroup section */

/* Begin PBXFrameworksBuildPhase section */
		70DAA4CB2DA1B050008B3F25 /* Frameworks */ = {
			isa = PBXFrameworksBuildPhase;
			buildActionMask = 2147483647;
			files = (
			);
			runOnlyForDeploymentPostprocessing = 0;
		};
		70DAA4DB2DA1B052008B3F25 /* Frameworks */ = {
			isa = PBXFrameworksBuildPhase;
			buildActionMask = 2147483647;
			files = (
			);
			runOnlyForDeploymentPostprocessing = 0;
		};
		70DAA4E52DA1B052008B3F25 /* Frameworks */ = {
			isa = PBXFrameworksBuildPhase;
			buildActionMask = 2147483647;
			files = (
			);
			runOnlyForDeploymentPostprocessing = 0;
		};
/* End PBXFrameworksBuildPhase section */

/* Begin PBXGroup section */
		70DAA4C52DA1B050008B3F25 = {
			isa = PBXGroup;
			children = (
				70DAA4D02DA1B050008B3F25 /* FormulaRun */,
				70DAA4E12DA1B052008B3F25 /* FormulaRunTests */,
				70DAA4EB2DA1B052008B3F25 /* FormulaRunUITests */,
				70DAA4CF2DA1B050008B3F25 /* Products */,
			);
			sourceTree = "<group>";
		};
		70DAA4CF2DA1B050008B3F25 /* Products */ = {
			isa = PBXGroup;
			children = (
				70DAA4CE2DA1B050008B3F25 /* FormulaRun.app */,
				70DAA4DE2DA1B052008B3F25 /* FormulaRunTests.xctest */,
				70DAA4E82DA1B052008B3F25 /* FormulaRunUITests.xctest */,
			);
			name = Products;
			sourceTree = "<group>";
		};
/* End PBXGroup section */

/* Begin PBXNativeTarget section */
		70DAA4CD2DA1B050008B3F25 /* FormulaRun */ = {
			isa = PBXNativeTarget;
			buildConfigurationList = 70DAA4F22DA1B052008B3F25 /* Build configuration list for PBXNativeTarget "FormulaRun" */;
			buildPhases = (
				70DAA4CA2DA1B050008B3F25 /* Sources */,
				70DAA4CB2DA1B050008B3F25 /* Frameworks */,
				70DAA4CC2DA1B050008B3F25 /* Resources */,
			);
			buildRules = (
			);
			dependencies = (
			);
			fileSystemSynchronizedGroups = (
				70DAA4D02DA1B050008B3F25 /* FormulaRun */,
			);
			name = FormulaRun;
			packageProductDependencies = (
			);
			productName = FormulaRun;
			productReference = 70DAA4CE2DA1B050008B3F25 /* FormulaRun.app */;
			productType = "com.apple.product-type.application";
		};
		70DAA4DD2DA1B052008B3F25 /* FormulaRunTests */ = {
			isa = PBXNativeTarget;
			buildConfigurationList = 70DAA4F52DA1B052008B3F25 /* Build configuration list for PBXNativeTarget "FormulaRunTests" */;
			buildPhases = (
				70DAA4DA2DA1B052008B3F25 /* Sources */,
				70DAA4DB2DA1B052008B3F25 /* Frameworks */,
				70DAA4DC2DA1B052008B3F25 /* Resources */,
			);
			buildRules = (
			);
			dependencies = (
				70DAA4E02DA1B052008B3F25 /* PBXTargetDependency */,
			);
			fileSystemSynchronizedGroups = (
				70DAA4E12DA1B052008B3F25 /* FormulaRunTests */,
			);
			name = FormulaRunTests;
			packageProductDependencies = (
			);
			productName = FormulaRunTests;
			productReference = 70DAA4DE2DA1B052008B3F25 /* FormulaRunTests.xctest */;
			productType = "com.apple.product-type.bundle.unit-test";
		};
		70DAA4E72DA1B052008B3F25 /* FormulaRunUITests */ = {
			isa = PBXNativeTarget;
			buildConfigurationList = 70DAA4F82DA1B052008B3F25 /* Build configuration list for PBXNativeTarget "FormulaRunUITests" */;
			buildPhases = (
				70DAA4E42DA1B052008B3F25 /* Sources */,
				70DAA4E52DA1B052008B3F25 /* Frameworks */,
				70DAA4E62DA1B052008B3F25 /* Resources */,
			);
			buildRules = (
			);
			dependencies = (
				70DAA4EA2DA1B052008B3F25 /* PBXTargetDependency */,
			);
			fileSystemSynchronizedGroups = (
				70DAA4EB2DA1B052008B3F25 /* FormulaRunUITests */,
			);
			name = FormulaRunUITests;
			packageProductDependencies = (
			);
			productName = FormulaRunUITests;
			productReference = 70DAA4E82DA1B052008B3F25 /* FormulaRunUITests.xctest */;
			productType = "com.apple.product-type.bundle.ui-testing";
		};
/* End PBXNativeTarget section */

/* Begin PBXProject section */
		70DAA4C62DA1B050008B3F25 /* Project object */ = {
			isa = PBXProject;
			attributes = {
				BuildIndependentTargetsInParallel = 1;
				LastSwiftUpdateCheck = 1620;
				LastUpgradeCheck = 1620;
				TargetAttributes = {
					70DAA4CD2DA1B050008B3F25 = {
						CreatedOnToolsVersion = 16.2;
					};
					70DAA4DD2DA1B052008B3F25 = {
						CreatedOnToolsVersion = 16.2;
						TestTargetID = 70DAA4CD2DA1B050008B3F25;
					};
					70DAA4E72DA1B052008B3F25 = {
						CreatedOnToolsVersion = 16.2;
						TestTargetID = 70DAA4CD2DA1B050008B3F25;
					};
				};
			};
			buildConfigurationList = 70DAA4C92DA1B050008B3F25 /* Build configuration list for PBXProject "FormulaRun" */;
			developmentRegion = en;
			hasScannedForEncodings = 0;
			knownRegions = (
				en,
				Base,
			);
			mainGroup = 70DAA4C52DA1B050008B3F25;
			minimizedProjectReferenceProxies = 1;
			preferredProjectObjectVersion = 77;
			productRefGroup = 70DAA4CF2DA1B050008B3F25 /* Products */;
			projectDirPath = "";
			projectRoot = "";
			targets = (
				70DAA4CD2DA1B050008B3F25 /* FormulaRun */,
				70DAA4DD2DA1B052008B3F25 /* FormulaRunTests */,
				70DAA4E72DA1B052008B3F25 /* FormulaRunUITests */,
			);
		};
/* End PBXProject section */

/* Begin PBXResourcesBuildPhase section */
		70DAA4CC2DA1B050008B3F25 /* Resources */ = {
			isa = PBXResourcesBuildPhase;
			buildActionMask = 2147483647;
			files = (
			);
			runOnlyForDeploymentPostprocessing = 0;
		};
		70DAA4DC2DA1B052008B3F25 /* Resources */ = {
			isa = PBXResourcesBuildPhase;
			buildActionMask = 2147483647;
			files = (
			);
			runOnlyForDeploymentPostprocessing = 0;
		};
		70DAA4E62DA1B052008B3F25 /* Resources */ = {
			isa = PBXResourcesBuildPhase;
			buildActionMask = 2147483647;
			files = (
			);
			runOnlyForDeploymentPostprocessing = 0;
		};
/* End PBXResourcesBuildPhase section */

/* Begin PBXSourcesBuildPhase section */
		70DAA4CA2DA1B050008B3F25 /* Sources */ = {
			isa = PBXSourcesBuildPhase;
			buildActionMask = 2147483647;
			files = (
			);
			runOnlyForDeploymentPostprocessing = 0;
		};
		70DAA4DA2DA1B052008B3F25 /* Sources */ = {
			isa = PBXSourcesBuildPhase;
			buildActionMask = 2147483647;
			files = (
			);
			runOnlyForDeploymentPostprocessing = 0;
		};
		70DAA4E42DA1B052008B3F25 /* Sources */ = {
			isa = PBXSourcesBuildPhase;
			buildActionMask = 2147483647;
			files = (
			);
			runOnlyForDeploymentPostprocessing = 0;
		};
/* End PBXSourcesBuildPhase section */

/* Begin PBXTargetDependency section */
		70DAA4E02DA1B052008B3F25 /* PBXTargetDependency */ = {
			isa = PBXTargetDependency;
			target = 70DAA4CD2DA1B050008B3F25 /* FormulaRun */;
			targetProxy = 70DAA4DF2DA1B052008B3F25 /* PBXContainerItemProxy */;
		};
		70DAA4EA2DA1B052008B3F25 /* PBXTargetDependency */ = {
			isa = PBXTargetDependency;
			target = 70DAA4CD2DA1B050008B3F25 /* FormulaRun */;
			targetProxy = 70DAA4E92DA1B052008B3F25 /* PBXContainerItemProxy */;
		};
/* End PBXTargetDependency section */

/* Begin XCBuildConfiguration section */
		70DAA4F02DA1B052008B3F25 /* Debug */ = {
			isa = XCBuildConfiguration;
			buildSettings = {
				ALWAYS_SEARCH_USER_PATHS = NO;
				ASSETCATALOG_COMPILER_GENERATE_SWIFT_ASSET_SYMBOL_EXTENSIONS = YES;
				CLANG_ANALYZER_NONNULL = YES;
				CLANG_ANALYZER_NUMBER_OBJECT_CONVERSION = YES_AGGRESSIVE;
				CLANG_CXX_LANGUAGE_STANDARD = "gnu++20";
				CLANG_ENABLE_MODULES = YES;
				CLANG_ENABLE_OBJC_ARC = YES;
				CLANG_ENABLE_OBJC_WEAK = YES;
				CLANG_WARN_BLOCK_CAPTURE_AUTORELEASING = YES;
				CLANG_WARN_BOOL_CONVERSION = YES;
				CLANG_WARN_COMMA = YES;
				CLANG_WARN_CONSTANT_CONVERSION = YES;
				CLANG_WARN_DEPRECATED_OBJC_IMPLEMENTATIONS = YES;
				CLANG_WARN_DIRECT_OBJC_ISA_USAGE = YES_ERROR;
				CLANG_WARN_DOCUMENTATION_COMMENTS = YES;
				CLANG_WARN_EMPTY_BODY = YES;
				CLANG_WARN_ENUM_CONVERSION = YES;
				CLANG_WARN_INFINITE_RECURSION = YES;
				CLANG_WARN_INT_CONVERSION = YES;
				CLANG_WARN_NON_LITERAL_NULL_CONVERSION = YES;
				CLANG_WARN_OBJC_IMPLICIT_RETAIN_SELF = YES;
				CLANG_WARN_OBJC_LITERAL_CONVERSION = YES;
				CLANG_WARN_OBJC_ROOT_CLASS = YES_ERROR;
				CLANG_WARN_QUOTED_INCLUDE_IN_FRAMEWORK_HEADER = YES;
				CLANG_WARN_RANGE_LOOP_ANALYSIS = YES;
				CLANG_WARN_STRICT_PROTOTYPES = YES;
				CLANG_WARN_SUSPICIOUS_MOVE = YES;
				CLANG_WARN_UNGUARDED_AVAILABILITY = YES_AGGRESSIVE;
				CLANG_WARN_UNREACHABLE_CODE = YES;
				CLANG_WARN__DUPLICATE_METHOD_MATCH = YES;
				COPY_PHASE_STRIP = NO;
				DEBUG_INFORMATION_FORMAT = dwarf;
				ENABLE_STRICT_OBJC_MSGSEND = YES;
				ENABLE_TESTABILITY = YES;
				ENABLE_USER_SCRIPT_SANDBOXING = YES;
				GCC_C_LANGUAGE_STANDARD = gnu17;
				GCC_DYNAMIC_NO_PIC = NO;
				GCC_NO_COMMON_BLOCKS = YES;
				GCC_OPTIMIZATION_LEVEL = 0;
				GCC_PREPROCESSOR_DEFINITIONS = (
					"DEBUG=1",
					"$(inherited)",
				);
				GCC_WARN_64_TO_32_BIT_CONVERSION = YES;
				GCC_WARN_ABOUT_RETURN_TYPE = YES_ERROR;
				GCC_WARN_UNDECLARED_SELECTOR = YES;
				GCC_WARN_UNINITIALIZED_AUTOS = YES_AGGRESSIVE;
				GCC_WARN_UNUSED_FUNCTION = YES;
				GCC_WARN_UNUSED_VARIABLE = YES;
				IPHONEOS_DEPLOYMENT_TARGET = 18.2;
				LOCALIZATION_PREFERS_STRING_CATALOGS = YES;
				MTL_ENABLE_DEBUG_INFO = INCLUDE_SOURCE;
				MTL_FAST_MATH = YES;
				ONLY_ACTIVE_ARCH = YES;
				SDKROOT = iphoneos;
				SWIFT_ACTIVE_COMPILATION_CONDITIONS = "DEBUG $(inherited)";
				SWIFT_OPTIMIZATION_LEVEL = "-Onone";
			};
			name = Debug;
		};
		70DAA4F12DA1B052008B3F25 /* Release */ = {
			isa = XCBuildConfiguration;
			buildSettings = {
				ALWAYS_SEARCH_USER_PATHS = NO;
				ASSETCATALOG_COMPILER_GENERATE_SWIFT_ASSET_SYMBOL_EXTENSIONS = YES;
				CLANG_ANALYZER_NONNULL = YES;
				CLANG_ANALYZER_NUMBER_OBJECT_CONVERSION = YES_AGGRESSIVE;
				CLANG_CXX_LANGUAGE_STANDARD = "gnu++20";
				CLANG_ENABLE_MODULES = YES;
				CLANG_ENABLE_OBJC_ARC = YES;
				CLANG_ENABLE_OBJC_WEAK = YES;
				CLANG_WARN_BLOCK_CAPTURE_AUTORELEASING = YES;
				CLANG_WARN_BOOL_CONVERSION = YES;
				CLANG_WARN_COMMA = YES;
				CLANG_WARN_CONSTANT_CONVERSION = YES;
				CLANG_WARN_DEPRECATED_OBJC_IMPLEMENTATIONS = YES;
				CLANG_WARN_DIRECT_OBJC_ISA_USAGE = YES_ERROR;
				CLANG_WARN_DOCUMENTATION_COMMENTS = YES;
				CLANG_WARN_EMPTY_BODY = YES;
				CLANG_WARN_ENUM_CONVERSION = YES;
				CLANG_WARN_INFINITE_RECURSION = YES;
				CLANG_WARN_INT_CONVERSION = YES;
				CLANG_WARN_NON_LITERAL_NULL_CONVERSION = YES;
				CLANG_WARN_OBJC_IMPLICIT_RETAIN_SELF = YES;
				CLANG_WARN_OBJC_LITERAL_CONVERSION = YES;
				CLANG_WARN_OBJC_ROOT_CLASS = YES_ERROR;
				CLANG_WARN_QUOTED_INCLUDE_IN_FRAMEWORK_HEADER = YES;
				CLANG_WARN_RANGE_LOOP_ANALYSIS = YES;
				CLANG_WARN_STRICT_PROTOTYPES = YES;
				CLANG_WARN_SUSPICIOUS_MOVE = YES;
				CLANG_WARN_UNGUARDED_AVAILABILITY = YES_AGGRESSIVE;
				CLANG_WARN_UNREACHABLE_CODE = YES;
				CLANG_WARN__DUPLICATE_METHOD_MATCH = YES;
				COPY_PHASE_STRIP = NO;
				DEBUG_INFORMATION_FORMAT = "dwarf-with-dsym";
				ENABLE_NS_ASSERTIONS = NO;
				ENABLE_STRICT_OBJC_MSGSEND = YES;
				ENABLE_USER_SCRIPT_SANDBOXING = YES;
				GCC_C_LANGUAGE_STANDARD = gnu17;
				GCC_NO_COMMON_BLOCKS = YES;
				GCC_WARN_64_TO_32_BIT_CONVERSION = YES;
				GCC_WARN_ABOUT_RETURN_TYPE = YES_ERROR;
				GCC_WARN_UNDECLARED_SELECTOR = YES;
				GCC_WARN_UNINITIALIZED_AUTOS = YES_AGGRESSIVE;
				GCC_WARN_UNUSED_FUNCTION = YES;
				GCC_WARN_UNUSED_VARIABLE = YES;
				IPHONEOS_DEPLOYMENT_TARGET = 18.2;
				LOCALIZATION_PREFERS_STRING_CATALOGS = YES;
				MTL_ENABLE_DEBUG_INFO = NO;
				MTL_FAST_MATH = YES;
				SDKROOT = iphoneos;
				SWIFT_COMPILATION_MODE = wholemodule;
				VALIDATE_PRODUCT = YES;
			};
			name = Release;
		};
		70DAA4F32DA1B052008B3F25 /* Debug */ = {
			isa = XCBuildConfiguration;
			buildSettings = {
				ASSETCATALOG_COMPILER_APPICON_NAME = AppIcon;
				ASSETCATALOG_COMPILER_GLOBAL_ACCENT_COLOR_NAME = AccentColor;
				CODE_SIGN_ENTITLEMENTS = FormulaRun/FormulaRun.entitlements;
				CODE_SIGN_STYLE = Automatic;
				CURRENT_PROJECT_VERSION = 1;
				DEVELOPMENT_ASSET_PATHS = "\"FormulaRun/Preview Content\"";
				ENABLE_PREVIEWS = YES;
				GENERATE_INFOPLIST_FILE = YES;
				INFOPLIST_KEY_LSApplicationCategoryType = "public.app-category.healthcare-fitness";
				INFOPLIST_KEY_UIApplicationSceneManifest_Generation = YES;
				INFOPLIST_KEY_UIApplicationSupportsIndirectInputEvents = YES;
				INFOPLIST_KEY_UILaunchScreen_Generation = YES;
				INFOPLIST_KEY_UISupportedInterfaceOrientations_iPad = "UIInterfaceOrientationPortrait UIInterfaceOrientationPortraitUpsideDown UIInterfaceOrientationLandscapeLeft UIInterfaceOrientationLandscapeRight";
				INFOPLIST_KEY_UISupportedInterfaceOrientations_iPhone = "UIInterfaceOrientationPortrait UIInterfaceOrientationLandscapeLeft UIInterfaceOrientationLandscapeRight";
				LD_RUNPATH_SEARCH_PATHS = (
					"$(inherited)",
					"@executable_path/Frameworks",
				);
				MARKETING_VERSION = 1.0;
				PRODUCT_BUNDLE_IDENTIFIER = Sid.FormulaRun;
				PRODUCT_NAME = "$(TARGET_NAME)";
				SWIFT_EMIT_LOC_STRINGS = YES;
				SWIFT_VERSION = 5.0;
				TARGETED_DEVICE_FAMILY = "1,2";
			};
			name = Debug;
		};
		70DAA4F42DA1B052008B3F25 /* Release */ = {
			isa = XCBuildConfiguration;
			buildSettings = {
				ASSETCATALOG_COMPILER_APPICON_NAME = AppIcon;
				ASSETCATALOG_COMPILER_GLOBAL_ACCENT_COLOR_NAME = AccentColor;
				CODE_SIGN_ENTITLEMENTS = FormulaRun/FormulaRun.entitlements;
				CODE_SIGN_STYLE = Automatic;
				CURRENT_PROJECT_VERSION = 1;
				DEVELOPMENT_ASSET_PATHS = "\"FormulaRun/Preview Content\"";
				ENABLE_PREVIEWS = YES;
				GENERATE_INFOPLIST_FILE = YES;
				INFOPLIST_KEY_LSApplicationCategoryType = "public.app-category.healthcare-fitness";
				INFOPLIST_KEY_UIApplicationSceneManifest_Generation = YES;
				INFOPLIST_KEY_UIApplicationSupportsIndirectInputEvents = YES;
				INFOPLIST_KEY_UILaunchScreen_Generation = YES;
				INFOPLIST_KEY_UISupportedInterfaceOrientations_iPad = "UIInterfaceOrientationPortrait UIInterfaceOrientationPortraitUpsideDown UIInterfaceOrientationLandscapeLeft UIInterfaceOrientationLandscapeRight";
				INFOPLIST_KEY_UISupportedInterfaceOrientations_iPhone = "UIInterfaceOrientationPortrait UIInterfaceOrientationLandscapeLeft UIInterfaceOrientationLandscapeRight";
				LD_RUNPATH_SEARCH_PATHS = (
					"$(inherited)",
					"@executable_path/Frameworks",
				);
				MARKETING_VERSION = 1.0;
				PRODUCT_BUNDLE_IDENTIFIER = Sid.FormulaRun;
				PRODUCT_NAME = "$(TARGET_NAME)";
				SWIFT_EMIT_LOC_STRINGS = YES;
				SWIFT_VERSION = 5.0;
				TARGETED_DEVICE_FAMILY = "1,2";
			};
			name = Release;
		};
		70DAA4F62DA1B052008B3F25 /* Debug */ = {
			isa = XCBuildConfiguration;
			buildSettings = {
				BUNDLE_LOADER = "$(TEST_HOST)";
				CODE_SIGN_STYLE = Automatic;
				CURRENT_PROJECT_VERSION = 1;
				GENERATE_INFOPLIST_FILE = YES;
				IPHONEOS_DEPLOYMENT_TARGET = 18.2;
				MARKETING_VERSION = 1.0;
				PRODUCT_BUNDLE_IDENTIFIER = Sid.FormulaRunTests;
				PRODUCT_NAME = "$(TARGET_NAME)";
				SWIFT_EMIT_LOC_STRINGS = NO;
				SWIFT_VERSION = 5.0;
				TARGETED_DEVICE_FAMILY = "1,2";
				TEST_HOST = "$(BUILT_PRODUCTS_DIR)/FormulaRun.app/$(BUNDLE_EXECUTABLE_FOLDER_PATH)/FormulaRun";
			};
			name = Debug;
		};
		70DAA4F72DA1B052008B3F25 /* Release */ = {
			isa = XCBuildConfiguration;
			buildSettings = {
				BUNDLE_LOADER = "$(TEST_HOST)";
				CODE_SIGN_STYLE = Automatic;
				CURRENT_PROJECT_VERSION = 1;
				GENERATE_INFOPLIST_FILE = YES;
				IPHONEOS_DEPLOYMENT_TARGET = 18.2;
				MARKETING_VERSION = 1.0;
				PRODUCT_BUNDLE_IDENTIFIER = Sid.FormulaRunTests;
				PRODUCT_NAME = "$(TARGET_NAME)";
				SWIFT_EMIT_LOC_STRINGS = NO;
				SWIFT_VERSION = 5.0;
				TARGETED_DEVICE_FAMILY = "1,2";
				TEST_HOST = "$(BUILT_PRODUCTS_DIR)/FormulaRun.app/$(BUNDLE_EXECUTABLE_FOLDER_PATH)/FormulaRun";
			};
			name = Release;
		};
		70DAA4F92DA1B052008B3F25 /* Debug */ = {
			isa = XCBuildConfiguration;
			buildSettings = {
				CODE_SIGN_STYLE = Automatic;
				CURRENT_PROJECT_VERSION = 1;
				GENERATE_INFOPLIST_FILE = YES;
				MARKETING_VERSION = 1.0;
				PRODUCT_BUNDLE_IDENTIFIER = Sid.FormulaRunUITests;
				PRODUCT_NAME = "$(TARGET_NAME)";
				SWIFT_EMIT_LOC_STRINGS = NO;
				SWIFT_VERSION = 5.0;
				TARGETED_DEVICE_FAMILY = "1,2";
				TEST_TARGET_NAME = FormulaRun;
			};
			name = Debug;
		};
		70DAA4FA2DA1B052008B3F25 /* Release */ = {
			isa = XCBuildConfiguration;
			buildSettings = {
				CODE_SIGN_STYLE = Automatic;
				CURRENT_PROJECT_VERSION = 1;
				GENERATE_INFOPLIST_FILE = YES;
				MARKETING_VERSION = 1.0;
				PRODUCT_BUNDLE_IDENTIFIER = Sid.FormulaRunUITests;
				PRODUCT_NAME = "$(TARGET_NAME)";
				SWIFT_EMIT_LOC_STRINGS = NO;
				SWIFT_VERSION = 5.0;
				TARGETED_DEVICE_FAMILY = "1,2";
				TEST_TARGET_NAME = FormulaRun;
			};
			name = Release;
		};
/* End XCBuildConfiguration section */

/* Begin XCConfigurationList section */
		70DAA4C92DA1B050008B3F25 /* Build configuration list for PBXProject "FormulaRun" */ = {
			isa = XCConfigurationList;
			buildConfigurations = (
				70DAA4F02DA1B052008B3F25 /* Debug */,
				70DAA4F12DA1B052008B3F25 /* Release */,
			);
			defaultConfigurationIsVisible = 0;
			defaultConfigurationName = Release;
		};
		70DAA4F22DA1B052008B3F25 /* Build configuration list for PBXNativeTarget "FormulaRun" */ = {
			isa = XCConfigurationList;
			buildConfigurations = (
				70DAA4F32DA1B052008B3F25 /* Debug */,
				70DAA4F42DA1B052008B3F25 /* Release */,
			);
			defaultConfigurationIsVisible = 0;
			defaultConfigurationName = Release;
		};
		70DAA4F52DA1B052008B3F25 /* Build configuration list for PBXNativeTarget "FormulaRunTests" */ = {
			isa = XCConfigurationList;
			buildConfigurations = (
				70DAA4F62DA1B052008B3F25 /* Debug */,
				70DAA4F72DA1B052008B3F25 /* Release */,
			);
			defaultConfigurationIsVisible = 0;
			defaultConfigurationName = Release;
		};
		70DAA4F82DA1B052008B3F25 /* Build configuration list for PBXNativeTarget "FormulaRunUITests" */ = {
			isa = XCConfigurationList;
			buildConfigurations = (
				70DAA4F92DA1B052008B3F25 /* Debug */,
				70DAA4FA2DA1B052008B3F25 /* Release */,
			);
			defaultConfigurationIsVisible = 0;
			defaultConfigurationName = Release;
		};
/* End XCConfigurationList section */
	};
	rootObject = 70DAA4C62DA1B050008B3F25 /* Project object */;
}
